
Microsoft Visual Studio Solution File, Format Version 12.00
# Visual Studio Version 17
VisualStudioVersion = 17.14.36705.20 d17.14
MinimumVisualStudioVersion = 10.0.40219.1
Project("{FAE04EC0-301F-11D3-BF4B-00C04F79EFBC}") = "BeverageBackend", "BeverageBackend\BeverageBackend.csproj", "{30243CC1-F942-4AC7-B1D9-937CADAECB07}"
EndProject
Global
	GlobalSection(SolutionConfigurationPlatforms) = preSolution
		Debug|Any CPU = Debug|Any CPU
		Release|Any CPU = Release|Any CPU
	EndGlobalSection
	GlobalSection(ProjectConfigurationPlatforms) = postSolution
		{30243CC1-F942-4AC7-B1D9-937CADAECB07}.Debug|Any CPU.ActiveCfg = Debug|Any CPU
		{30243CC1-F942-4AC7-B1D9-937CADAECB07}.Debug|Any CPU.Build.0 = Debug|Any CPU
		{30243CC1-F942-4AC7-B1D9-937CADAECB07}.Release|Any CPU.ActiveCfg = Release|Any CPU
		{30243CC1-F942-4AC7-B1D9-937CADAECB07}.Release|Any CPU.Build.0 = Release|Any CPU
	EndGlobalSection
	GlobalSection(SolutionProperties) = preSolution
		HideSolutionNode = FALSE
	EndGlobalSection
	GlobalSection(ExtensibilityGlobals) = postSolution
		SolutionGuid = {BE8DB4F7-351D-483D-A74D-BDA4C310E535}
	EndGlobalSection
EndGlobal
